
Microsoft Visual Studio Solution File, Format Version 12.00
# Visual Studio 15
VisualStudioVersion = 15.0.27703.2026
MinimumVisualStudioVersion = 10.0.40219.1
Project("{FAE04EC0-301F-11D3-BF4B-00C04F79EFBC}") = "DistroManager", "DistroManager\DistroManager.csproj", "{892E6E80-E194-49B8-BC7A-19EEC54745EF}"
EndProject
Global
	GlobalSection(SolutionConfigurationPlatforms) = preSolution
		Debug|Any CPU = Debug|Any CPU
		Release|Any CPU = Release|Any CPU
	EndGlobalSection
	GlobalSection(ProjectConfigurationPlatforms) = postSolution
		{892E6E80-E194-49B8-BC7A-19EEC54745EF}.Debug|Any CPU.ActiveCfg = Debug|Any CPU
		{892E6E80-E194-49B8-BC7A-19EEC54745EF}.Debug|Any CPU.Build.0 = Debug|Any CPU
		{892E6E80-E194-49B8-BC7A-19EEC54745EF}.Release|Any CPU.ActiveCfg = Release|Any CPU
		{892E6E80-E194-49B8-BC7A-19EEC54745EF}.Release|Any CPU.Build.0 = Release|Any CPU
	EndGlobalSection
	GlobalSection(SolutionProperties) = preSolution
		HideSolutionNode = FALSE
	EndGlobalSection
	GlobalSection(ExtensibilityGlobals) = postSolution
		SolutionGuid = {83634D2A-3B2D-43D2-967E-5EB7FB6F4396}
	EndGlobalSection
EndGlobal
