
Microsoft Visual Studio Solution File, Format Version 12.00
# Visual Studio 15
VisualStudioVersion = 15.0.27703.2026
MinimumVisualStudioVersion = 10.0.40219.1
Project("{FAE04EC0-301F-11D3-BF4B-00C04F79EFBC}") = "DistroManager", "DistroManager\DistroManager.csproj", "{892E6E80-E194-49B8-BC7A-19EEC54745EF}"
EndProject
Project("{2150E333-8FDC-42A3-9474-1A3956D46DE8}") = "Solution Items", "Solution Items", "{6E70EA3E-EC49-4A08-B8A5-F64C91EBC82A}"
	ProjectSection(SolutionItems) = preProject
		LICENSE = LICENSE
		README.md = README.md
	EndProjectSection
EndProject
Project("{FAE04EC0-301F-11D3-BF4B-00C04F79EFBC}") = "DistroLauncher", "DistroLauncher\DistroLauncher.csproj", "{91D5F85E-9D3A-41CE-9731-7FEFE2BA76E1}"
EndProject
Project("{D954291E-2A0B-460D-934E-DC6B0785DB48}") = "DistroManager.Shared", "DistroManager.Shared\DistroManager.Shared.shproj", "{D790CF3C-A3D1-4384-B392-22528CED4843}"
EndProject
Global
	GlobalSection(SharedMSBuildProjectFiles) = preSolution
		DistroManager.Shared\DistroManager.Shared.projitems*{892e6e80-e194-49b8-bc7a-19eec54745ef}*SharedItemsImports = 4
		DistroManager.Shared\DistroManager.Shared.projitems*{91d5f85e-9d3a-41ce-9731-7fefe2ba76e1}*SharedItemsImports = 4
		DistroManager.Shared\DistroManager.Shared.projitems*{d790cf3c-a3d1-4384-b392-22528ced4843}*SharedItemsImports = 13
	EndGlobalSection
	GlobalSection(SolutionConfigurationPlatforms) = preSolution
		Debug|Any CPU = Debug|Any CPU
		Release|Any CPU = Release|Any CPU
	EndGlobalSection
	GlobalSection(ProjectConfigurationPlatforms) = postSolution
		{892E6E80-E194-49B8-BC7A-19EEC54745EF}.Debug|Any CPU.ActiveCfg = Debug|Any CPU
		{892E6E80-E194-49B8-BC7A-19EEC54745EF}.Debug|Any CPU.Build.0 = Debug|Any CPU
		{892E6E80-E194-49B8-BC7A-19EEC54745EF}.Release|Any CPU.ActiveCfg = Release|Any CPU
		{892E6E80-E194-49B8-BC7A-19EEC54745EF}.Release|Any CPU.Build.0 = Release|Any CPU
		{91D5F85E-9D3A-41CE-9731-7FEFE2BA76E1}.Debug|Any CPU.ActiveCfg = Debug|Any CPU
		{91D5F85E-9D3A-41CE-9731-7FEFE2BA76E1}.Debug|Any CPU.Build.0 = Debug|Any CPU
		{91D5F85E-9D3A-41CE-9731-7FEFE2BA76E1}.Release|Any CPU.ActiveCfg = Release|Any CPU
		{91D5F85E-9D3A-41CE-9731-7FEFE2BA76E1}.Release|Any CPU.Build.0 = Release|Any CPU
	EndGlobalSection
	GlobalSection(SolutionProperties) = preSolution
		HideSolutionNode = FALSE
	EndGlobalSection
	GlobalSection(ExtensibilityGlobals) = postSolution
		SolutionGuid = {83634D2A-3B2D-43D2-967E-5EB7FB6F4396}
	EndGlobalSection
EndGlobal
