
Microsoft Visual Studio Solution File, Format Version 12.00
# Visual Studio Version 16
VisualStudioVersion = 16.0.28729.10
MinimumVisualStudioVersion = 10.0.40219.1
Project("{FAE04EC0-301F-11D3-BF4B-00C04F79EFBC}") = "WslManager", "WslManager\WslManager.csproj", "{E3395AA1-1245-4302-B212-A2DDEB68D0AE}"
EndProject
Project("{2150E333-8FDC-42A3-9474-1A3956D46DE8}") = "Solution Items", "Solution Items", "{68197BBC-A657-4CAB-85C0-3C5F7922A16E}"
	ProjectSection(SolutionItems) = preProject
		docs\feed.json = docs\feed.json
		README.md = README.md
	EndProjectSection
EndProject
Project("{FAE04EC0-301F-11D3-BF4B-00C04F79EFBC}") = "WslSetup", "WslSetup\WslSetup.csproj", "{BD013BC3-3AA3-4874-A209-C181D4FE752F}"
EndProject
Global
	GlobalSection(SolutionConfigurationPlatforms) = preSolution
		Debug|Any CPU = Debug|Any CPU
		Debug|ARM = Debug|ARM
		Debug|ARM64 = Debug|ARM64
		Debug|x64 = Debug|x64
		Debug|x86 = Debug|x86
		Release|Any CPU = Release|Any CPU
		Release|ARM = Release|ARM
		Release|ARM64 = Release|ARM64
		Release|x64 = Release|x64
		Release|x86 = Release|x86
	EndGlobalSection
	GlobalSection(ProjectConfigurationPlatforms) = postSolution
		{E3395AA1-1245-4302-B212-A2DDEB68D0AE}.Debug|Any CPU.ActiveCfg = Debug|Any CPU
		{E3395AA1-1245-4302-B212-A2DDEB68D0AE}.Debug|Any CPU.Build.0 = Debug|Any CPU
		{E3395AA1-1245-4302-B212-A2DDEB68D0AE}.Debug|ARM.ActiveCfg = Debug|Any CPU
		{E3395AA1-1245-4302-B212-A2DDEB68D0AE}.Debug|ARM.Build.0 = Debug|Any CPU
		{E3395AA1-1245-4302-B212-A2DDEB68D0AE}.Debug|ARM64.ActiveCfg = Debug|Any CPU
		{E3395AA1-1245-4302-B212-A2DDEB68D0AE}.Debug|ARM64.Build.0 = Debug|Any CPU
		{E3395AA1-1245-4302-B212-A2DDEB68D0AE}.Debug|x64.ActiveCfg = Debug|x64
		{E3395AA1-1245-4302-B212-A2DDEB68D0AE}.Debug|x64.Build.0 = Debug|x64
		{E3395AA1-1245-4302-B212-A2DDEB68D0AE}.Debug|x86.ActiveCfg = Debug|Any CPU
		{E3395AA1-1245-4302-B212-A2DDEB68D0AE}.Debug|x86.Build.0 = Debug|Any CPU
		{E3395AA1-1245-4302-B212-A2DDEB68D0AE}.Release|Any CPU.ActiveCfg = Release|Any CPU
		{E3395AA1-1245-4302-B212-A2DDEB68D0AE}.Release|Any CPU.Build.0 = Release|Any CPU
		{E3395AA1-1245-4302-B212-A2DDEB68D0AE}.Release|ARM.ActiveCfg = Release|Any CPU
		{E3395AA1-1245-4302-B212-A2DDEB68D0AE}.Release|ARM.Build.0 = Release|Any CPU
		{E3395AA1-1245-4302-B212-A2DDEB68D0AE}.Release|ARM64.ActiveCfg = Release|Any CPU
		{E3395AA1-1245-4302-B212-A2DDEB68D0AE}.Release|ARM64.Build.0 = Release|Any CPU
		{E3395AA1-1245-4302-B212-A2DDEB68D0AE}.Release|x64.ActiveCfg = Release|x64
		{E3395AA1-1245-4302-B212-A2DDEB68D0AE}.Release|x64.Build.0 = Release|x64
		{E3395AA1-1245-4302-B212-A2DDEB68D0AE}.Release|x86.ActiveCfg = Release|Any CPU
		{E3395AA1-1245-4302-B212-A2DDEB68D0AE}.Release|x86.Build.0 = Release|Any CPU
		{BD013BC3-3AA3-4874-A209-C181D4FE752F}.Debug|Any CPU.ActiveCfg = Debug|Any CPU
		{BD013BC3-3AA3-4874-A209-C181D4FE752F}.Debug|Any CPU.Build.0 = Debug|Any CPU
		{BD013BC3-3AA3-4874-A209-C181D4FE752F}.Debug|ARM.ActiveCfg = Debug|Any CPU
		{BD013BC3-3AA3-4874-A209-C181D4FE752F}.Debug|ARM.Build.0 = Debug|Any CPU
		{BD013BC3-3AA3-4874-A209-C181D4FE752F}.Debug|ARM64.ActiveCfg = Debug|Any CPU
		{BD013BC3-3AA3-4874-A209-C181D4FE752F}.Debug|ARM64.Build.0 = Debug|Any CPU
		{BD013BC3-3AA3-4874-A209-C181D4FE752F}.Debug|x64.ActiveCfg = Debug|Any CPU
		{BD013BC3-3AA3-4874-A209-C181D4FE752F}.Debug|x64.Build.0 = Debug|Any CPU
		{BD013BC3-3AA3-4874-A209-C181D4FE752F}.Debug|x86.ActiveCfg = Debug|Any CPU
		{BD013BC3-3AA3-4874-A209-C181D4FE752F}.Debug|x86.Build.0 = Debug|Any CPU
		{BD013BC3-3AA3-4874-A209-C181D4FE752F}.Release|Any CPU.ActiveCfg = Release|Any CPU
		{BD013BC3-3AA3-4874-A209-C181D4FE752F}.Release|Any CPU.Build.0 = Release|Any CPU
		{BD013BC3-3AA3-4874-A209-C181D4FE752F}.Release|ARM.ActiveCfg = Release|Any CPU
		{BD013BC3-3AA3-4874-A209-C181D4FE752F}.Release|ARM.Build.0 = Release|Any CPU
		{BD013BC3-3AA3-4874-A209-C181D4FE752F}.Release|ARM64.ActiveCfg = Release|Any CPU
		{BD013BC3-3AA3-4874-A209-C181D4FE752F}.Release|ARM64.Build.0 = Release|Any CPU
		{BD013BC3-3AA3-4874-A209-C181D4FE752F}.Release|x64.ActiveCfg = Release|Any CPU
		{BD013BC3-3AA3-4874-A209-C181D4FE752F}.Release|x64.Build.0 = Release|Any CPU
		{BD013BC3-3AA3-4874-A209-C181D4FE752F}.Release|x86.ActiveCfg = Release|Any CPU
		{BD013BC3-3AA3-4874-A209-C181D4FE752F}.Release|x86.Build.0 = Release|Any CPU
	EndGlobalSection
	GlobalSection(SolutionProperties) = preSolution
		HideSolutionNode = FALSE
	EndGlobalSection
	GlobalSection(ExtensibilityGlobals) = postSolution
		SolutionGuid = {B54F5DD3-853E-4CEB-AAB0-DB5051295D9F}
	EndGlobalSection
EndGlobal
